# This file is autogenerated, do not edit; changes may be undone by the next 'dep ensure'.


[[projects]]
  digest = "1:ffe9824d294da03b391f44e1ae8281281b4afc1bdaa9588c9097785e3af10cec"
  name = "github.com/davecgh/go-spew"
  packages = ["spew"]
  pruneopts = "UT"
  revision = "8991bc29aa16c548c550c7ff78260e27b9ab7c73"
  version = "v1.1.1"

[[projects]]
  branch = "master"
  digest = "1:f14d1b50e0075fb00177f12a96dd7addf93d1e2883c25befd17285b779549795"
  name = "github.com/gopherjs/gopherjs"
  packages = ["js"]
  pruneopts = "UT"
  revision = "fce0ec30dd00773d3fa974351d04ce2737b5c4d9"

[[projects]]
  digest = "1:bbae530c69489b608c2aacda9cc80f035d89c64a7705fc29a2ddaf3e8c9ed604"
  name = "github.com/tendermint/go-amino"
  packages = ["."]
  pruneopts = "UT"
  revision = "af639981f2806e306c94403f45df50097d0168a8"
  version = "v0.15.1"

[solve-meta]
  analyzer-name = "dep"
  analyzer-version = 1
  input-imports = [
    "github.com/gopherjs/gopherjs/js",
    "github.com/tendermint/go-amino",
  ]
  solver-name = "gps-cdcl"
  solver-version = 1
